
Microsoft Visual Studio Solution File, Format Version 12.00
# Visual Studio 14
VisualStudioVersion = 14.0.25420.1
MinimumVisualStudioVersion = 10.0.40219.1
Project("{FAE04EC0-301F-11D3-BF4B-00C04F79EFBC}") = "TestService", "TestService\TestService.csproj", "{9ABF9FB9-0729-4094-BA4B-17A0878C4AAB}"
EndProject
Project("{FAE04EC0-301F-11D3-BF4B-00C04F79EFBC}") = "Contador", "Contador\Contador.csproj", "{616713B8-4D76-4883-9E56-718D1C23F69B}"
EndProject
Project("{2150E333-8FDC-42A3-9474-1A3956D46DE8}") = "Solution Items", "Solution Items", "{094C469B-741A-4E8C-9266-F4C3164D75D4}"
	ProjectSection(SolutionItems) = preProject
		readme.md = readme.md
	EndProjectSection
EndProject
Project("{FAE04EC0-301F-11D3-BF4B-00C04F79EFBC}") = "ServicioCrecePlus", "ServicioCrecePlus\ServicioCrecePlus.csproj", "{DD5DA85D-53A3-40CA-9F3E-E83BD2CDB3AC}"
EndProject
Project("{54435603-DBB4-11D2-8724-00A0C9A8B90C}") = "ServicioCrece", "ServicioCrece\ServicioCrece.vdproj", "{02C2D0F8-7346-466D-8E1C-0E2DD440BCB8}"
EndProject
Global
	GlobalSection(SolutionConfigurationPlatforms) = preSolution
		Debug|Any CPU = Debug|Any CPU
		Release|Any CPU = Release|Any CPU
	EndGlobalSection
	GlobalSection(ProjectConfigurationPlatforms) = postSolution
		{9ABF9FB9-0729-4094-BA4B-17A0878C4AAB}.Debug|Any CPU.ActiveCfg = Debug|Any CPU
		{9ABF9FB9-0729-4094-BA4B-17A0878C4AAB}.Debug|Any CPU.Build.0 = Debug|Any CPU
		{9ABF9FB9-0729-4094-BA4B-17A0878C4AAB}.Release|Any CPU.ActiveCfg = Release|Any CPU
		{9ABF9FB9-0729-4094-BA4B-17A0878C4AAB}.Release|Any CPU.Build.0 = Release|Any CPU
		{616713B8-4D76-4883-9E56-718D1C23F69B}.Debug|Any CPU.ActiveCfg = Debug|Any CPU
		{616713B8-4D76-4883-9E56-718D1C23F69B}.Debug|Any CPU.Build.0 = Debug|Any CPU
		{616713B8-4D76-4883-9E56-718D1C23F69B}.Release|Any CPU.ActiveCfg = Release|Any CPU
		{616713B8-4D76-4883-9E56-718D1C23F69B}.Release|Any CPU.Build.0 = Release|Any CPU
		{DD5DA85D-53A3-40CA-9F3E-E83BD2CDB3AC}.Debug|Any CPU.ActiveCfg = Debug|Any CPU
		{DD5DA85D-53A3-40CA-9F3E-E83BD2CDB3AC}.Debug|Any CPU.Build.0 = Debug|Any CPU
		{DD5DA85D-53A3-40CA-9F3E-E83BD2CDB3AC}.Release|Any CPU.ActiveCfg = Release|Any CPU
		{DD5DA85D-53A3-40CA-9F3E-E83BD2CDB3AC}.Release|Any CPU.Build.0 = Release|Any CPU
		{02C2D0F8-7346-466D-8E1C-0E2DD440BCB8}.Debug|Any CPU.ActiveCfg = Debug
		{02C2D0F8-7346-466D-8E1C-0E2DD440BCB8}.Release|Any CPU.ActiveCfg = Release
	EndGlobalSection
	GlobalSection(SolutionProperties) = preSolution
		HideSolutionNode = FALSE
	EndGlobalSection
EndGlobal
